
Microsoft Visual Studio Solution File, Format Version 12.00
# Visual Studio Version 17
VisualStudioVersion = 17.8.34309.116
MinimumVisualStudioVersion = 10.0.40219.1
Project("{FAE04EC0-301F-11D3-BF4B-00C04F79EFBC}") = "ChallengeApp", "ChallengeApp\ChallengeApp.csproj", "{B4D6F91C-F3CD-4681-A5DE-009ABEEEF1F3}"
EndProject
Global
	GlobalSection(SolutionConfigurationPlatforms) = preSolution
		Debug|Any CPU = Debug|Any CPU
		Release|Any CPU = Release|Any CPU
	EndGlobalSection
	GlobalSection(ProjectConfigurationPlatforms) = postSolution
		{B4D6F91C-F3CD-4681-A5DE-009ABEEEF1F3}.Debug|Any CPU.ActiveCfg = Debug|Any CPU
		{B4D6F91C-F3CD-4681-A5DE-009ABEEEF1F3}.Debug|Any CPU.Build.0 = Debug|Any CPU
		{B4D6F91C-F3CD-4681-A5DE-009ABEEEF1F3}.Release|Any CPU.ActiveCfg = Release|Any CPU
		{B4D6F91C-F3CD-4681-A5DE-009ABEEEF1F3}.Release|Any CPU.Build.0 = Release|Any CPU
	EndGlobalSection
	GlobalSection(SolutionProperties) = preSolution
		HideSolutionNode = FALSE
	EndGlobalSection
	GlobalSection(ExtensibilityGlobals) = postSolution
		SolutionGuid = {74AFE52A-A7EF-452C-97B2-03719CBEA3EB}
	EndGlobalSection
EndGlobal
